
Microsoft Visual Studio Solution File, Format Version 12.00
# Visual Studio Version 16
VisualStudioVersion = 16.0.30803.129
MinimumVisualStudioVersion = 10.0.40219.1
Project("{2150E333-8FDC-42A3-9474-1A3956D46DE8}") = "Shared", "Shared", "{680AE9C6-B592-4E3E-9118-5FF99056F425}"
EndProject
Project("{2150E333-8FDC-42A3-9474-1A3956D46DE8}") = "Server", "Server", "{840085E1-202A-4A68-B3E9-DF8C4FF5C4AD}"
EndProject
Project("{2150E333-8FDC-42A3-9474-1A3956D46DE8}") = "Client", "Client", "{40C991EE-0C3D-428B-BF20-2085838E6F9B}"
EndProject
Project("{9A19103F-16F7-4668-BE54-9A1E7A4F7556}") = "TourPortal.Client", "src\Client\TourPortal.Client\TourPortal.Client.csproj", "{AEFE21A3-DCEC-4327-BB7A-897DDBD764A6}"
EndProject
Project("{9A19103F-16F7-4668-BE54-9A1E7A4F7556}") = "TourPortal.Server", "src\Server\TourPortal.Server\TourPortal.Server.csproj", "{D1F47E9B-44D8-4D10-9132-5D68BE8DC81E}"
EndProject
Project("{9A19103F-16F7-4668-BE54-9A1E7A4F7556}") = "TourPortal.Storage", "src\Server\TourPortal.Storage\TourPortal.Storage.csproj", "{846B9490-6947-49ED-A847-48F030224CE0}"
EndProject
Project("{9A19103F-16F7-4668-BE54-9A1E7A4F7556}") = "TourPortal.Infrastructure.Storage", "src\Shared\TourPortal.Infrastructure.Storage\TourPortal.Infrastructure.Storage.csproj", "{5DA841A5-6085-48FE-B553-CB10D5DBD5B4}"
EndProject
Project("{9A19103F-16F7-4668-BE54-9A1E7A4F7556}") = "TourPortal.Infrastructure.Security", "src\Shared\TourPortal.Infrastructure.Security\TourPortal.Infrastructure.Security.csproj", "{AE78FC8D-D39A-4CD8-9444-7EAAB60BE699}"
EndProject
Project("{9A19103F-16F7-4668-BE54-9A1E7A4F7556}") = "TourPortal.Infrastructure", "src\Shared\TourPortal.Infrastructure\TourPortal.Infrastructure.csproj", "{73815069-F79F-4C2B-9D67-4C93D3B4E51D}"
EndProject
Project("{FAE04EC0-301F-11D3-BF4B-00C04F79EFBC}") = "TourPortal.Infrastructure.Global", "src\Shared\TourPortal.Infrastructure.Global\TourPortal.Infrastructure.Global.csproj", "{072BC962-7B9D-4322-B9C6-C39DFB3BF69F}"
EndProject
Global
	GlobalSection(SolutionConfigurationPlatforms) = preSolution
		Debug|Any CPU = Debug|Any CPU
		Release|Any CPU = Release|Any CPU
	EndGlobalSection
	GlobalSection(ProjectConfigurationPlatforms) = postSolution
		{AEFE21A3-DCEC-4327-BB7A-897DDBD764A6}.Debug|Any CPU.ActiveCfg = Debug|Any CPU
		{AEFE21A3-DCEC-4327-BB7A-897DDBD764A6}.Debug|Any CPU.Build.0 = Debug|Any CPU
		{AEFE21A3-DCEC-4327-BB7A-897DDBD764A6}.Release|Any CPU.ActiveCfg = Release|Any CPU
		{AEFE21A3-DCEC-4327-BB7A-897DDBD764A6}.Release|Any CPU.Build.0 = Release|Any CPU
		{D1F47E9B-44D8-4D10-9132-5D68BE8DC81E}.Debug|Any CPU.ActiveCfg = Debug|Any CPU
		{D1F47E9B-44D8-4D10-9132-5D68BE8DC81E}.Debug|Any CPU.Build.0 = Debug|Any CPU
		{D1F47E9B-44D8-4D10-9132-5D68BE8DC81E}.Release|Any CPU.ActiveCfg = Release|Any CPU
		{D1F47E9B-44D8-4D10-9132-5D68BE8DC81E}.Release|Any CPU.Build.0 = Release|Any CPU
		{846B9490-6947-49ED-A847-48F030224CE0}.Debug|Any CPU.ActiveCfg = Debug|Any CPU
		{846B9490-6947-49ED-A847-48F030224CE0}.Debug|Any CPU.Build.0 = Debug|Any CPU
		{846B9490-6947-49ED-A847-48F030224CE0}.Release|Any CPU.ActiveCfg = Release|Any CPU
		{846B9490-6947-49ED-A847-48F030224CE0}.Release|Any CPU.Build.0 = Release|Any CPU
		{5DA841A5-6085-48FE-B553-CB10D5DBD5B4}.Debug|Any CPU.ActiveCfg = Debug|Any CPU
		{5DA841A5-6085-48FE-B553-CB10D5DBD5B4}.Debug|Any CPU.Build.0 = Debug|Any CPU
		{5DA841A5-6085-48FE-B553-CB10D5DBD5B4}.Release|Any CPU.ActiveCfg = Release|Any CPU
		{5DA841A5-6085-48FE-B553-CB10D5DBD5B4}.Release|Any CPU.Build.0 = Release|Any CPU
		{AE78FC8D-D39A-4CD8-9444-7EAAB60BE699}.Debug|Any CPU.ActiveCfg = Debug|Any CPU
		{AE78FC8D-D39A-4CD8-9444-7EAAB60BE699}.Debug|Any CPU.Build.0 = Debug|Any CPU
		{AE78FC8D-D39A-4CD8-9444-7EAAB60BE699}.Release|Any CPU.ActiveCfg = Release|Any CPU
		{AE78FC8D-D39A-4CD8-9444-7EAAB60BE699}.Release|Any CPU.Build.0 = Release|Any CPU
		{73815069-F79F-4C2B-9D67-4C93D3B4E51D}.Debug|Any CPU.ActiveCfg = Debug|Any CPU
		{73815069-F79F-4C2B-9D67-4C93D3B4E51D}.Debug|Any CPU.Build.0 = Debug|Any CPU
		{73815069-F79F-4C2B-9D67-4C93D3B4E51D}.Release|Any CPU.ActiveCfg = Release|Any CPU
		{73815069-F79F-4C2B-9D67-4C93D3B4E51D}.Release|Any CPU.Build.0 = Release|Any CPU
		{072BC962-7B9D-4322-B9C6-C39DFB3BF69F}.Debug|Any CPU.ActiveCfg = Debug|Any CPU
		{072BC962-7B9D-4322-B9C6-C39DFB3BF69F}.Debug|Any CPU.Build.0 = Debug|Any CPU
		{072BC962-7B9D-4322-B9C6-C39DFB3BF69F}.Release|Any CPU.ActiveCfg = Release|Any CPU
		{072BC962-7B9D-4322-B9C6-C39DFB3BF69F}.Release|Any CPU.Build.0 = Release|Any CPU
	EndGlobalSection
	GlobalSection(SolutionProperties) = preSolution
		HideSolutionNode = FALSE
	EndGlobalSection
	GlobalSection(NestedProjects) = preSolution
		{AEFE21A3-DCEC-4327-BB7A-897DDBD764A6} = {40C991EE-0C3D-428B-BF20-2085838E6F9B}
		{D1F47E9B-44D8-4D10-9132-5D68BE8DC81E} = {840085E1-202A-4A68-B3E9-DF8C4FF5C4AD}
		{846B9490-6947-49ED-A847-48F030224CE0} = {840085E1-202A-4A68-B3E9-DF8C4FF5C4AD}
		{5DA841A5-6085-48FE-B553-CB10D5DBD5B4} = {680AE9C6-B592-4E3E-9118-5FF99056F425}
		{AE78FC8D-D39A-4CD8-9444-7EAAB60BE699} = {680AE9C6-B592-4E3E-9118-5FF99056F425}
		{73815069-F79F-4C2B-9D67-4C93D3B4E51D} = {680AE9C6-B592-4E3E-9118-5FF99056F425}
		{072BC962-7B9D-4322-B9C6-C39DFB3BF69F} = {680AE9C6-B592-4E3E-9118-5FF99056F425}
	EndGlobalSection
	GlobalSection(ExtensibilityGlobals) = postSolution
		SolutionGuid = {C450B454-D482-40F9-BD1D-CA318CDE6246}
	EndGlobalSection
EndGlobal
